
Microsoft Visual Studio Solution File, Format Version 12.00
# Visual Studio 15
VisualStudioVersion = 15.0.27130.2010
MinimumVisualStudioVersion = 10.0.40219.1
Project("{FAE04EC0-301F-11D3-BF4B-00C04F79EFBC}") = "LC.Date", "LC.Date\LC.Date.csproj", "{57F1B3CD-6E31-41DF-88C3-6F402353783E}"
EndProject
Project("{2150E333-8FDC-42A3-9474-1A3956D46DE8}") = "HR", "HR", "{9F6771A3-F1C0-45B2-A386-F0F997EABD0A}"
EndProject
Project("{FAE04EC0-301F-11D3-BF4B-00C04F79EFBC}") = "LC.Data.HR", "LC.Data.HR\LC.Data.HR.csproj", "{D72E52A1-F5B1-4B34-AA07-AE34F6402665}"
EndProject
Project("{2150E333-8FDC-42A3-9474-1A3956D46DE8}") = "1-Core", "1-Core", "{FB05BC04-061E-4652-B52E-11F26B5671CA}"
EndProject
Project("{2150E333-8FDC-42A3-9474-1A3956D46DE8}") = "Test", "Test", "{14DA8337-181E-4807-B9E4-B6CCE9366F25}"
EndProject
Project("{2150E333-8FDC-42A3-9474-1A3956D46DE8}") = "HR-Test", "HR-Test", "{2CC206BC-8C9E-4D61-A731-7C11459F40CB}"
EndProject
Project("{FAE04EC0-301F-11D3-BF4B-00C04F79EFBC}") = "HR.Services", "HR.Services\HR.Services.csproj", "{91395053-0BB7-45EF-AE15-70006DE6157B}"
EndProject
Project("{FAE04EC0-301F-11D3-BF4B-00C04F79EFBC}") = "LC.DAL", "LC.DAL\LC.DAL.csproj", "{2C2972C9-048A-4778-952C-CCA145095EE4}"
EndProject
Project("{FAE04EC0-301F-11D3-BF4B-00C04F79EFBC}") = "LC.Autofac", "LC.Autofac\LC.Autofac.csproj", "{CAD56EB3-7FE9-441E-94C6-51E2046CAD59}"
EndProject
Project("{FAE04EC0-301F-11D3-BF4B-00C04F79EFBC}") = "LC", "LC\LC.csproj", "{B43B92C0-48EC-462A-A21C-147F89CA42C0}"
EndProject
Global
	GlobalSection(SolutionConfigurationPlatforms) = preSolution
		Debug|Any CPU = Debug|Any CPU
		Release|Any CPU = Release|Any CPU
	EndGlobalSection
	GlobalSection(ProjectConfigurationPlatforms) = postSolution
		{57F1B3CD-6E31-41DF-88C3-6F402353783E}.Debug|Any CPU.ActiveCfg = Debug|Any CPU
		{57F1B3CD-6E31-41DF-88C3-6F402353783E}.Debug|Any CPU.Build.0 = Debug|Any CPU
		{57F1B3CD-6E31-41DF-88C3-6F402353783E}.Release|Any CPU.ActiveCfg = Release|Any CPU
		{57F1B3CD-6E31-41DF-88C3-6F402353783E}.Release|Any CPU.Build.0 = Release|Any CPU
		{D72E52A1-F5B1-4B34-AA07-AE34F6402665}.Debug|Any CPU.ActiveCfg = Debug|Any CPU
		{D72E52A1-F5B1-4B34-AA07-AE34F6402665}.Debug|Any CPU.Build.0 = Debug|Any CPU
		{D72E52A1-F5B1-4B34-AA07-AE34F6402665}.Release|Any CPU.ActiveCfg = Release|Any CPU
		{D72E52A1-F5B1-4B34-AA07-AE34F6402665}.Release|Any CPU.Build.0 = Release|Any CPU
		{91395053-0BB7-45EF-AE15-70006DE6157B}.Debug|Any CPU.ActiveCfg = Debug|Any CPU
		{91395053-0BB7-45EF-AE15-70006DE6157B}.Debug|Any CPU.Build.0 = Debug|Any CPU
		{91395053-0BB7-45EF-AE15-70006DE6157B}.Release|Any CPU.ActiveCfg = Release|Any CPU
		{91395053-0BB7-45EF-AE15-70006DE6157B}.Release|Any CPU.Build.0 = Release|Any CPU
		{2C2972C9-048A-4778-952C-CCA145095EE4}.Debug|Any CPU.ActiveCfg = Debug|Any CPU
		{2C2972C9-048A-4778-952C-CCA145095EE4}.Debug|Any CPU.Build.0 = Debug|Any CPU
		{2C2972C9-048A-4778-952C-CCA145095EE4}.Release|Any CPU.ActiveCfg = Release|Any CPU
		{2C2972C9-048A-4778-952C-CCA145095EE4}.Release|Any CPU.Build.0 = Release|Any CPU
		{CAD56EB3-7FE9-441E-94C6-51E2046CAD59}.Debug|Any CPU.ActiveCfg = Debug|Any CPU
		{CAD56EB3-7FE9-441E-94C6-51E2046CAD59}.Debug|Any CPU.Build.0 = Debug|Any CPU
		{CAD56EB3-7FE9-441E-94C6-51E2046CAD59}.Release|Any CPU.ActiveCfg = Release|Any CPU
		{CAD56EB3-7FE9-441E-94C6-51E2046CAD59}.Release|Any CPU.Build.0 = Release|Any CPU
		{B43B92C0-48EC-462A-A21C-147F89CA42C0}.Debug|Any CPU.ActiveCfg = Debug|Any CPU
		{B43B92C0-48EC-462A-A21C-147F89CA42C0}.Debug|Any CPU.Build.0 = Debug|Any CPU
		{B43B92C0-48EC-462A-A21C-147F89CA42C0}.Release|Any CPU.ActiveCfg = Release|Any CPU
		{B43B92C0-48EC-462A-A21C-147F89CA42C0}.Release|Any CPU.Build.0 = Release|Any CPU
	EndGlobalSection
	GlobalSection(SolutionProperties) = preSolution
		HideSolutionNode = FALSE
	EndGlobalSection
	GlobalSection(NestedProjects) = preSolution
		{57F1B3CD-6E31-41DF-88C3-6F402353783E} = {FB05BC04-061E-4652-B52E-11F26B5671CA}
		{D72E52A1-F5B1-4B34-AA07-AE34F6402665} = {9F6771A3-F1C0-45B2-A386-F0F997EABD0A}
		{2CC206BC-8C9E-4D61-A731-7C11459F40CB} = {14DA8337-181E-4807-B9E4-B6CCE9366F25}
		{91395053-0BB7-45EF-AE15-70006DE6157B} = {2CC206BC-8C9E-4D61-A731-7C11459F40CB}
		{2C2972C9-048A-4778-952C-CCA145095EE4} = {FB05BC04-061E-4652-B52E-11F26B5671CA}
		{CAD56EB3-7FE9-441E-94C6-51E2046CAD59} = {FB05BC04-061E-4652-B52E-11F26B5671CA}
		{B43B92C0-48EC-462A-A21C-147F89CA42C0} = {FB05BC04-061E-4652-B52E-11F26B5671CA}
	EndGlobalSection
	GlobalSection(ExtensibilityGlobals) = postSolution
		SolutionGuid = {7FB0ABD4-67B7-4593-9C9A-7F8911C661D6}
	EndGlobalSection
EndGlobal
